// !$*UTF8*$!
{
	archiveVersion = 1;
	classes = {
	};
	objectVersion = 50;
	objects = {

/* Begin PBXBuildFile section */
		121AD1C42322F6A600BD463A /* AppDelegate.swift in Sources */ = {isa = PBXBuildFile; fileRef = 121AD1C32322F6A600BD463A /* AppDelegate.swift */; };
		121AD1C62322F6A600BD463A /* SceneDelegate.swift in Sources */ = {isa = PBXBuildFile; fileRef = 121AD1C52322F6A600BD463A /* SceneDelegate.swift */; };
		121AD1C82322F6A600BD463A /* ContentView.swift in Sources */ = {isa = PBXBuildFile; fileRef = 121AD1C72322F6A600BD463A /* ContentView.swift */; };
		121AD1CA2322F6A900BD463A /* Assets.xcassets in Resources */ = {isa = PBXBuildFile; fileRef = 121AD1C92322F6A900BD463A /* Assets.xcassets */; };
		121AD1CD2322F6A900BD463A /* Preview Assets.xcassets in Resources */ = {isa = PBXBuildFile; fileRef = 121AD1CC2322F6A900BD463A /* Preview Assets.xcassets */; };
		121AD1D02322F6A900BD463A /* LaunchScreen.storyboard in Resources */ = {isa = PBXBuildFile; fileRef = 121AD1CE2322F6A900BD463A /* LaunchScreen.storyboard */; };
		121AD1DA2322F99F00BD463A /* Tank.swift in Sources */ = {isa = PBXBuildFile; fileRef = 121AD1D92322F99F00BD463A /* Tank.swift */; };
		121AD1DC232449EB00BD463A /* TankLevelIndicator.swift in Sources */ = {isa = PBXBuildFile; fileRef = 121AD1DB232449EB00BD463A /* TankLevelIndicator.swift */; };
		121AD1DE23244A6900BD463A /* TankLevelIndicatorViewModel.swift in Sources */ = {isa = PBXBuildFile; fileRef = 121AD1DD23244A6900BD463A /* TankLevelIndicatorViewModel.swift */; };
		121AD1E02324FAAE00BD463A /* VerticalStepper.swift in Sources */ = {isa = PBXBuildFile; fileRef = 121AD1DF2324FAAE00BD463A /* VerticalStepper.swift */; };
		121AD1E22325720500BD463A /* VerticalStepperViewModel.swift in Sources */ = {isa = PBXBuildFile; fileRef = 121AD1E12325720500BD463A /* VerticalStepperViewModel.swift */; };
/* End PBXBuildFile section */

/* Begin PBXFileReference section */
		121AD1C02322F6A600BD463A /* TankFiller.app */ = {isa = PBXFileReference; explicitFileType = wrapper.application; includeInIndex = 0; path = TankFiller.app; sourceTree = BUILT_PRODUCTS_DIR; };
		121AD1C32322F6A600BD463A /* AppDelegate.swift */ = {isa = PBXFileReference; lastKnownFileType = sourcecode.swift; path = AppDelegate.swift; sourceTree = "<group>"; };
		121AD1C52322F6A600BD463A /* SceneDelegate.swift */ = {isa = PBXFileReference; lastKnownFileType = sourcecode.swift; path = SceneDelegate.swift; sourceTree = "<group>"; };
		121AD1C72322F6A600BD463A /* ContentView.swift */ = {isa = PBXFileReference; lastKnownFileType = sourcecode.swift; path = ContentView.swift; sourceTree = "<group>"; };
		121AD1C92322F6A900BD463A /* Assets.xcassets */ = {isa = PBXFileReference; lastKnownFileType = folder.assetcatalog; path = Assets.xcassets; sourceTree = "<group>"; };
		121AD1CC2322F6A900BD463A /* Preview Assets.xcassets */ = {isa = PBXFileReference; lastKnownFileType = folder.assetcatalog; path = "Preview Assets.xcassets"; sourceTree = "<group>"; };
		121AD1CF2322F6A900BD463A /* Base */ = {isa = PBXFileReference; lastKnownFileType = file.storyboard; name = Base; path = Base.lproj/LaunchScreen.storyboard; sourceTree = "<group>"; };
		121AD1D12322F6A900BD463A /* Info.plist */ = {isa = PBXFileReference; lastKnownFileType = text.plist.xml; path = Info.plist; sourceTree = "<group>"; };
		121AD1D92322F99F00BD463A /* Tank.swift */ = {isa = PBXFileReference; lastKnownFileType = sourcecode.swift; path = Tank.swift; sourceTree = "<group>"; };
		121AD1DB232449EB00BD463A /* TankLevelIndicator.swift */ = {isa = PBXFileReference; lastKnownFileType = sourcecode.swift; path = TankLevelIndicator.swift; sourceTree = "<group>"; };
		121AD1DD23244A6900BD463A /* TankLevelIndicatorViewModel.swift */ = {isa = PBXFileReference; lastKnownFileType = sourcecode.swift; path = TankLevelIndicatorViewModel.swift; sourceTree = "<group>"; };
		121AD1DF2324FAAE00BD463A /* VerticalStepper.swift */ = {isa = PBXFileReference; lastKnownFileType = sourcecode.swift; path = VerticalStepper.swift; sourceTree = "<group>"; };
		121AD1E12325720500BD463A /* VerticalStepperViewModel.swift */ = {isa = PBXFileReference; lastKnownFileType = sourcecode.swift; path = VerticalStepperViewModel.swift; sourceTree = "<group>"; };
/* End PBXFileReference section */

/* Begin PBXFrameworksBuildPhase section */
		121AD1BD2322F6A600BD463A /* Frameworks */ = {
			isa = PBXFrameworksBuildPhase;
			buildActionMask = 2147483647;
			files = (
			);
			runOnlyForDeploymentPostprocessing = 0;
		};
/* End PBXFrameworksBuildPhase section */

/* Begin PBXGroup section */
		121AD1B72322F6A600BD463A = {
			isa = PBXGroup;
			children = (
				121AD1C22322F6A600BD463A /* TankFiller */,
				121AD1C12322F6A600BD463A /* Products */,
			);
			sourceTree = "<group>";
		};
		121AD1C12322F6A600BD463A /* Products */ = {
			isa = PBXGroup;
			children = (
				121AD1C02322F6A600BD463A /* TankFiller.app */,
			);
			name = Products;
			sourceTree = "<group>";
		};
		121AD1C22322F6A600BD463A /* TankFiller */ = {
			isa = PBXGroup;
			children = (
				121AD1DD23244A6900BD463A /* TankLevelIndicatorViewModel.swift */,
				121AD1DB232449EB00BD463A /* TankLevelIndicator.swift */,
				121AD1D92322F99F00BD463A /* Tank.swift */,
				121AD1C32322F6A600BD463A /* AppDelegate.swift */,
				121AD1C52322F6A600BD463A /* SceneDelegate.swift */,
				121AD1C72322F6A600BD463A /* ContentView.swift */,
				121AD1C92322F6A900BD463A /* Assets.xcassets */,
				121AD1CE2322F6A900BD463A /* LaunchScreen.storyboard */,
				121AD1D12322F6A900BD463A /* Info.plist */,
				121AD1CB2322F6A900BD463A /* Preview Content */,
				121AD1DF2324FAAE00BD463A /* VerticalStepper.swift */,
				121AD1E12325720500BD463A /* VerticalStepperViewModel.swift */,
			);
			path = TankFiller;
			sourceTree = "<group>";
		};
		121AD1CB2322F6A900BD463A /* Preview Content */ = {
			isa = PBXGroup;
			children = (
				121AD1CC2322F6A900BD463A /* Preview Assets.xcassets */,
			);
			path = "Preview Content";
			sourceTree = "<group>";
		};
/* End PBXGroup section */

/* Begin PBXNativeTarget section */
		121AD1BF2322F6A600BD463A /* TankFiller */ = {
			isa = PBXNativeTarget;
			buildConfigurationList = 121AD1D42322F6A900BD463A /* Build configuration list for PBXNativeTarget "TankFiller" */;
			buildPhases = (
				121AD1BC2322F6A600BD463A /* Sources */,
				121AD1BD2322F6A600BD463A /* Frameworks */,
				121AD1BE2322F6A600BD463A /* Resources */,
			);
			buildRules = (
			);
			dependencies = (
			);
			name = TankFiller;
			productName = TankFiller;
			productReference = 121AD1C02322F6A600BD463A /* TankFiller.app */;
			productType = "com.apple.product-type.application";
		};
/* End PBXNativeTarget section */

/* Begin PBXProject section */
		121AD1B82322F6A600BD463A /* Project object */ = {
			isa = PBXProject;
			attributes = {
				LastSwiftUpdateCheck = 1100;
				LastUpgradeCheck = 1100;
				ORGANIZATIONNAME = SKLY;
				TargetAttributes = {
					121AD1BF2322F6A600BD463A = {
						CreatedOnToolsVersion = 11.0;
					};
				};
			};
			buildConfigurationList = 121AD1BB2322F6A600BD463A /* Build configuration list for PBXProject "TankFiller" */;
			compatibilityVersion = "Xcode 9.3";
			developmentRegion = en;
			hasScannedForEncodings = 0;
			knownRegions = (
				en,
				Base,
			);
			mainGroup = 121AD1B72322F6A600BD463A;
			productRefGroup = 121AD1C12322F6A600BD463A /* Products */;
			projectDirPath = "";
			projectRoot = "";
			targets = (
				121AD1BF2322F6A600BD463A /* TankFiller */,
			);
		};
/* End PBXProject section */

/* Begin PBXResourcesBuildPhase section */
		121AD1BE2322F6A600BD463A /* Resources */ = {
			isa = PBXResourcesBuildPhase;
			buildActionMask = 2147483647;
			files = (
				121AD1D02322F6A900BD463A /* LaunchScreen.storyboard in Resources */,
				121AD1CD2322F6A900BD463A /* Preview Assets.xcassets in Resources */,
				121AD1CA2322F6A900BD463A /* Assets.xcassets in Resources */,
			);
			runOnlyForDeploymentPostprocessing = 0;
		};
/* End PBXResourcesBuildPhase section */

/* Begin PBXSourcesBuildPhase section */
		121AD1BC2322F6A600BD463A /* Sources */ = {
			isa = PBXSourcesBuildPhase;
			buildActionMask = 2147483647;
			files = (
				121AD1DC232449EB00BD463A /* TankLevelIndicator.swift in Sources */,
				121AD1E02324FAAE00BD463A /* VerticalStepper.swift in Sources */,
				121AD1E22325720500BD463A /* VerticalStepperViewModel.swift in Sources */,
				121AD1DE23244A6900BD463A /* TankLevelIndicatorViewModel.swift in Sources */,
				121AD1C42322F6A600BD463A /* AppDelegate.swift in Sources */,
				121AD1C62322F6A600BD463A /* SceneDelegate.swift in Sources */,
				121AD1DA2322F99F00BD463A /* Tank.swift in Sources */,
				121AD1C82322F6A600BD463A /* ContentView.swift in Sources */,
			);
			runOnlyForDeploymentPostprocessing = 0;
		};
/* End PBXSourcesBuildPhase section */

/* Begin PBXVariantGroup section */
		121AD1CE2322F6A900BD463A /* LaunchScreen.storyboard */ = {
			isa = PBXVariantGroup;
			children = (
				121AD1CF2322F6A900BD463A /* Base */,
			);
			name = LaunchScreen.storyboard;
			sourceTree = "<group>";
		};
/* End PBXVariantGroup section */

/* Begin XCBuildConfiguration section */
		121AD1D22322F6A900BD463A /* Debug */ = {
			isa = XCBuildConfiguration;
			buildSettings = {
				ALWAYS_SEARCH_USER_PATHS = NO;
				CLANG_ANALYZER_NONNULL = YES;
				CLANG_ANALYZER_NUMBER_OBJECT_CONVERSION = YES_AGGRESSIVE;
				CLANG_CXX_LANGUAGE_STANDARD = "gnu++14";
				CLANG_CXX_LIBRARY = "libc++";
				CLANG_ENABLE_MODULES = YES;
				CLANG_ENABLE_OBJC_ARC = YES;
				CLANG_ENABLE_OBJC_WEAK = YES;
				CLANG_WARN_BLOCK_CAPTURE_AUTORELEASING = YES;
				CLANG_WARN_BOOL_CONVERSION = YES;
				CLANG_WARN_COMMA = YES;
				CLANG_WARN_CONSTANT_CONVERSION = YES;
				CLANG_WARN_DEPRECATED_OBJC_IMPLEMENTATIONS = YES;
				CLANG_WARN_DIRECT_OBJC_ISA_USAGE = YES_ERROR;
				CLANG_WARN_DOCUMENTATION_COMMENTS = YES;
				CLANG_WARN_EMPTY_BODY = YES;
				CLANG_WARN_ENUM_CONVERSION = YES;
				CLANG_WARN_INFINITE_RECURSION = YES;
				CLANG_WARN_INT_CONVERSION = YES;
				CLANG_WARN_NON_LITERAL_NULL_CONVERSION = YES;
				CLANG_WARN_OBJC_IMPLICIT_RETAIN_SELF = YES;
				CLANG_WARN_OBJC_LITERAL_CONVERSION = YES;
				CLANG_WARN_OBJC_ROOT_CLASS = YES_ERROR;
				CLANG_WARN_RANGE_LOOP_ANALYSIS = YES;
				CLANG_WARN_STRICT_PROTOTYPES = YES;
				CLANG_WARN_SUSPICIOUS_MOVE = YES;
				CLANG_WARN_UNGUARDED_AVAILABILITY = YES_AGGRESSIVE;
				CLANG_WARN_UNREACHABLE_CODE = YES;
				CLANG_WARN__DUPLICATE_METHOD_MATCH = YES;
				COPY_PHASE_STRIP = NO;
				DEBUG_INFORMATION_FORMAT = dwarf;
				ENABLE_STRICT_OBJC_MSGSEND = YES;
				ENABLE_TESTABILITY = YES;
				GCC_C_LANGUAGE_STANDARD = gnu11;
				GCC_DYNAMIC_NO_PIC = NO;
				GCC_NO_COMMON_BLOCKS = YES;
				GCC_OPTIMIZATION_LEVEL = 0;
				GCC_PREPROCESSOR_DEFINITIONS = (
					"DEBUG=1",
					"$(inherited)",
				);
				GCC_WARN_64_TO_32_BIT_CONVERSION = YES;
				GCC_WARN_ABOUT_RETURN_TYPE = YES_ERROR;
				GCC_WARN_UNDECLARED_SELECTOR = YES;
				GCC_WARN_UNINITIALIZED_AUTOS = YES_AGGRESSIVE;
				GCC_WARN_UNUSED_FUNCTION = YES;
				GCC_WARN_UNUSED_VARIABLE = YES;
				IPHONEOS_DEPLOYMENT_TARGET = 13.0;
				MTL_ENABLE_DEBUG_INFO = INCLUDE_SOURCE;
				MTL_FAST_MATH = YES;
				ONLY_ACTIVE_ARCH = YES;
				SDKROOT = iphoneos;
				SWIFT_ACTIVE_COMPILATION_CONDITIONS = DEBUG;
				SWIFT_OPTIMIZATION_LEVEL = "-Onone";
			};
			name = Debug;
		};
		121AD1D32322F6A900BD463A /* Release */ = {
			isa = XCBuildConfiguration;
			buildSettings = {
				ALWAYS_SEARCH_USER_PATHS = NO;
				CLANG_ANALYZER_NONNULL = YES;
				CLANG_ANALYZER_NUMBER_OBJECT_CONVERSION = YES_AGGRESSIVE;
				CLANG_CXX_LANGUAGE_STANDARD = "gnu++14";
				CLANG_CXX_LIBRARY = "libc++";
				CLANG_ENABLE_MODULES = YES;
				CLANG_ENABLE_OBJC_ARC = YES;
				CLANG_ENABLE_OBJC_WEAK = YES;
				CLANG_WARN_BLOCK_CAPTURE_AUTORELEASING = YES;
				CLANG_WARN_BOOL_CONVERSION = YES;
				CLANG_WARN_COMMA = YES;
				CLANG_WARN_CONSTANT_CONVERSION = YES;
				CLANG_WARN_DEPRECATED_OBJC_IMPLEMENTATIONS = YES;
				CLANG_WARN_DIRECT_OBJC_ISA_USAGE = YES_ERROR;
				CLANG_WARN_DOCUMENTATION_COMMENTS = YES;
				CLANG_WARN_EMPTY_BODY = YES;
				CLANG_WARN_ENUM_CONVERSION = YES;
				CLANG_WARN_INFINITE_RECURSION = YES;
				CLANG_WARN_INT_CONVERSION = YES;
				CLANG_WARN_NON_LITERAL_NULL_CONVERSION = YES;
				CLANG_WARN_OBJC_IMPLICIT_RETAIN_SELF = YES;
				CLANG_WARN_OBJC_LITERAL_CONVERSION = YES;
				CLANG_WARN_OBJC_ROOT_CLASS = YES_ERROR;
				CLANG_WARN_RANGE_LOOP_ANALYSIS = YES;
				CLANG_WARN_STRICT_PROTOTYPES = YES;
				CLANG_WARN_SUSPICIOUS_MOVE = YES;
				CLANG_WARN_UNGUARDED_AVAILABILITY = YES_AGGRESSIVE;
				CLANG_WARN_UNREACHABLE_CODE = YES;
				CLANG_WARN__DUPLICATE_METHOD_MATCH = YES;
				COPY_PHASE_STRIP = NO;
				DEBUG_INFORMATION_FORMAT = "dwarf-with-dsym";
				ENABLE_NS_ASSERTIONS = NO;
				ENABLE_STRICT_OBJC_MSGSEND = YES;
				GCC_C_LANGUAGE_STANDARD = gnu11;
				GCC_NO_COMMON_BLOCKS = YES;
				GCC_WARN_64_TO_32_BIT_CONVERSION = YES;
				GCC_WARN_ABOUT_RETURN_TYPE = YES_ERROR;
				GCC_WARN_UNDECLARED_SELECTOR = YES;
				GCC_WARN_UNINITIALIZED_AUTOS = YES_AGGRESSIVE;
				GCC_WARN_UNUSED_FUNCTION = YES;
				GCC_WARN_UNUSED_VARIABLE = YES;
				IPHONEOS_DEPLOYMENT_TARGET = 13.0;
				MTL_ENABLE_DEBUG_INFO = NO;
				MTL_FAST_MATH = YES;
				SDKROOT = iphoneos;
				SWIFT_COMPILATION_MODE = wholemodule;
				SWIFT_OPTIMIZATION_LEVEL = "-O";
				VALIDATE_PRODUCT = YES;
			};
			name = Release;
		};
		121AD1D52322F6A900BD463A /* Debug */ = {
			isa = XCBuildConfiguration;
			buildSettings = {
				ASSETCATALOG_COMPILER_APPICON_NAME = AppIcon;
				CODE_SIGN_STYLE = Automatic;
				DEVELOPMENT_ASSET_PATHS = "\"TankFiller/Preview Content\"";
				DEVELOPMENT_TEAM = 72PNT63T9H;
				ENABLE_PREVIEWS = YES;
				INFOPLIST_FILE = TankFiller/Info.plist;
				LD_RUNPATH_SEARCH_PATHS = (
					"$(inherited)",
					"@executable_path/Frameworks",
				);
				PRODUCT_BUNDLE_IDENTIFIER = com.skly.TankFiller;
				PRODUCT_NAME = "$(TARGET_NAME)";
				SWIFT_VERSION = 5.0;
				TARGETED_DEVICE_FAMILY = "1,2";
			};
			name = Debug;
		};
		121AD1D62322F6A900BD463A /* Release */ = {
			isa = XCBuildConfiguration;
			buildSettings = {
				ASSETCATALOG_COMPILER_APPICON_NAME = AppIcon;
				CODE_SIGN_STYLE = Automatic;
				DEVELOPMENT_ASSET_PATHS = "\"TankFiller/Preview Content\"";
				DEVELOPMENT_TEAM = 72PNT63T9H;
				ENABLE_PREVIEWS = YES;
				INFOPLIST_FILE = TankFiller/Info.plist;
				LD_RUNPATH_SEARCH_PATHS = (
					"$(inherited)",
					"@executable_path/Frameworks",
				);
				PRODUCT_BUNDLE_IDENTIFIER = com.skly.TankFiller;
				PRODUCT_NAME = "$(TARGET_NAME)";
				SWIFT_VERSION = 5.0;
				TARGETED_DEVICE_FAMILY = "1,2";
			};
			name = Release;
		};
/* End XCBuildConfiguration section */

/* Begin XCConfigurationList section */
		121AD1BB2322F6A600BD463A /* Build configuration list for PBXProject "TankFiller" */ = {
			isa = XCConfigurationList;
			buildConfigurations = (
				121AD1D22322F6A900BD463A /* Debug */,
				121AD1D32322F6A900BD463A /* Release */,
			);
			defaultConfigurationIsVisible = 0;
			defaultConfigurationName = Release;
		};
		121AD1D42322F6A900BD463A /* Build configuration list for PBXNativeTarget "TankFiller" */ = {
			isa = XCConfigurationList;
			buildConfigurations = (
				121AD1D52322F6A900BD463A /* Debug */,
				121AD1D62322F6A900BD463A /* Release */,
			);
			defaultConfigurationIsVisible = 0;
			defaultConfigurationName = Release;
		};
/* End XCConfigurationList section */
	};
	rootObject = 121AD1B82322F6A600BD463A /* Project object */;
}
